// !$*UTF8*$!
{
	archiveVersion = 1;
	classes = {
	};
	objectVersion = 54;
	objects = {

/* Begin PBXBuildFile section */
		AC18B33A2505FFC000385A02 /* AppDelegate.swift in Sources */ = {isa = PBXBuildFile; fileRef = AC18B3392505FFC000385A02 /* AppDelegate.swift */; };
		AC18B33C2505FFC000385A02 /* SceneDelegate.swift in Sources */ = {isa = PBXBuildFile; fileRef = AC18B33B2505FFC000385A02 /* SceneDelegate.swift */; };
		AC18B33E2505FFC000385A02 /* ContentView.swift in Sources */ = {isa = PBXBuildFile; fileRef = AC18B33D2505FFC000385A02 /* ContentView.swift */; };
		AC18B3402505FFC200385A02 /* Assets.xcassets in Resources */ = {isa = PBXBuildFile; fileRef = AC18B33F2505FFC200385A02 /* Assets.xcassets */; };
		AC18B3432505FFC200385A02 /* Preview Assets.xcassets in Resources */ = {isa = PBXBuildFile; fileRef = AC18B3422505FFC200385A02 /* Preview Assets.xcassets */; };
		AC18B3462505FFC200385A02 /* LaunchScreen.storyboard in Resources */ = {isa = PBXBuildFile; fileRef = AC18B3442505FFC200385A02 /* LaunchScreen.storyboard */; };
		AC18B3512505FFC200385A02 /* HelloAppTests.swift in Sources */ = {isa = PBXBuildFile; fileRef = AC18B3502505FFC200385A02 /* HelloAppTests.swift */; };
		AC18B35C2505FFC200385A02 /* HelloAppUITests.swift in Sources */ = {isa = PBXBuildFile; fileRef = AC18B35B2505FFC200385A02 /* HelloAppUITests.swift */; };
/* End PBXBuildFile section */

/* Begin PBXContainerItemProxy section */
		AC18B34D2505FFC200385A02 /* PBXContainerItemProxy */ = {
			isa = PBXContainerItemProxy;
			containerPortal = AC18B32E2505FFC000385A02 /* Project object */;
			proxyType = 1;
			remoteGlobalIDString = AC18B3352505FFC000385A02;
			remoteInfo = HelloApp;
		};
		AC18B3582505FFC200385A02 /* PBXContainerItemProxy */ = {
			isa = PBXContainerItemProxy;
			containerPortal = AC18B32E2505FFC000385A02 /* Project object */;
			proxyType = 1;
			remoteGlobalIDString = AC18B3352505FFC000385A02;
			remoteInfo = HelloApp;
		};
/* End PBXContainerItemProxy section */

/* Begin PBXFileReference section */
		AC18B3362505FFC000385A02 /* HelloApp.app */ = {isa = PBXFileReference; explicitFileType = wrapper.application; includeInIndex = 0; path = HelloApp.app; sourceTree = BUILT_PRODUCTS_DIR; };
		AC18B3392505FFC000385A02 /* AppDelegate.swift */ = {isa = PBXFileReference; lastKnownFileType = sourcecode.swift; path = AppDelegate.swift; sourceTree = "<group>"; };
		AC18B33B2505FFC000385A02 /* SceneDelegate.swift */ = {isa = PBXFileReference; lastKnownFileType = sourcecode.swift; path = SceneDelegate.swift; sourceTree = "<group>"; };
		AC18B33D2505FFC000385A02 /* ContentView.swift */ = {isa = PBXFileReference; lastKnownFileType = sourcecode.swift; path = ContentView.swift; sourceTree = "<group>"; };
		AC18B33F2505FFC200385A02 /* Assets.xcassets */ = {isa = PBXFileReference; lastKnownFileType = folder.assetcatalog; path = Assets.xcassets; sourceTree = "<group>"; };
		AC18B3422505FFC200385A02 /* Preview Assets.xcassets */ = {isa = PBXFileReference; lastKnownFileType = folder.assetcatalog; path = "Preview Assets.xcassets"; sourceTree = "<group>"; };
		AC18B3452505FFC200385A02 /* Base */ = {isa = PBXFileReference; lastKnownFileType = file.storyboard; name = Base; path = Base.lproj/LaunchScreen.storyboard; sourceTree = "<group>"; };
		AC18B3472505FFC200385A02 /* Info.plist */ = {isa = PBXFileReference; lastKnownFileType = text.plist.xml; path = Info.plist; sourceTree = "<group>"; };
		AC18B34C2505FFC200385A02 /* HelloAppTests.xctest */ = {isa = PBXFileReference; explicitFileType = wrapper.cfbundle; includeInIndex = 0; path = HelloAppTests.xctest; sourceTree = BUILT_PRODUCTS_DIR; };
		AC18B3502505FFC200385A02 /* HelloAppTests.swift */ = {isa = PBXFileReference; lastKnownFileType = sourcecode.swift; path = HelloAppTests.swift; sourceTree = "<group>"; };
		AC18B3522505FFC200385A02 /* Info.plist */ = {isa = PBXFileReference; lastKnownFileType = text.plist.xml; path = Info.plist; sourceTree = "<group>"; };
		AC18B3572505FFC200385A02 /* HelloAppUITests.xctest */ = {isa = PBXFileReference; explicitFileType = wrapper.cfbundle; includeInIndex = 0; path = HelloAppUITests.xctest; sourceTree = BUILT_PRODUCTS_DIR; };
		AC18B35B2505FFC200385A02 /* HelloAppUITests.swift */ = {isa = PBXFileReference; lastKnownFileType = sourcecode.swift; path = HelloAppUITests.swift; sourceTree = "<group>"; };
		AC18B35D2505FFC200385A02 /* Info.plist */ = {isa = PBXFileReference; lastKnownFileType = text.plist.xml; path = Info.plist; sourceTree = "<group>"; };
/* End PBXFileReference section */

/* Begin PBXFrameworksBuildPhase section */
		AC18B3332505FFC000385A02 /* Frameworks */ = {
			isa = PBXFrameworksBuildPhase;
			buildActionMask = 2147483647;
			files = (
			);
			runOnlyForDeploymentPostprocessing = 0;
		};
		AC18B3492505FFC200385A02 /* Frameworks */ = {
			isa = PBXFrameworksBuildPhase;
			buildActionMask = 2147483647;
			files = (
			);
			runOnlyForDeploymentPostprocessing = 0;
		};
		AC18B3542505FFC200385A02 /* Frameworks */ = {
			isa = PBXFrameworksBuildPhase;
			buildActionMask = 2147483647;
			files = (
			);
			runOnlyForDeploymentPostprocessing = 0;
		};
/* End PBXFrameworksBuildPhase section */

/* Begin PBXGroup section */
		AC18B32D2505FFC000385A02 = {
			isa = PBXGroup;
			children = (
				AC18B3382505FFC000385A02 /* HelloApp */,
				AC18B34F2505FFC200385A02 /* HelloAppTests */,
				AC18B35A2505FFC200385A02 /* HelloAppUITests */,
				AC18B3372505FFC000385A02 /* Products */,
			);
			sourceTree = "<group>";
		};
		AC18B3372505FFC000385A02 /* Products */ = {
			isa = PBXGroup;
			children = (
				AC18B3362505FFC000385A02 /* HelloApp.app */,
				AC18B34C2505FFC200385A02 /* HelloAppTests.xctest */,
				AC18B3572505FFC200385A02 /* HelloAppUITests.xctest */,
			);
			name = Products;
			sourceTree = "<group>";
		};
		AC18B3382505FFC000385A02 /* HelloApp */ = {
			isa = PBXGroup;
			children = (
				AC18B3392505FFC000385A02 /* AppDelegate.swift */,
				AC18B33B2505FFC000385A02 /* SceneDelegate.swift */,
				AC18B33D2505FFC000385A02 /* ContentView.swift */,
				AC18B33F2505FFC200385A02 /* Assets.xcassets */,
				AC18B3442505FFC200385A02 /* LaunchScreen.storyboard */,
				AC18B3472505FFC200385A02 /* Info.plist */,
				AC18B3412505FFC200385A02 /* Preview Content */,
			);
			path = HelloApp;
			sourceTree = "<group>";
		};
		AC18B3412505FFC200385A02 /* Preview Content */ = {
			isa = PBXGroup;
			children = (
				AC18B3422505FFC200385A02 /* Preview Assets.xcassets */,
			);
			path = "Preview Content";
			sourceTree = "<group>";
		};
		AC18B34F2505FFC200385A02 /* HelloAppTests */ = {
			isa = PBXGroup;
			children = (
				AC18B3502505FFC200385A02 /* HelloAppTests.swift */,
				AC18B3522505FFC200385A02 /* Info.plist */,
			);
			path = HelloAppTests;
			sourceTree = "<group>";
		};
		AC18B35A2505FFC200385A02 /* HelloAppUITests */ = {
			isa = PBXGroup;
			children = (
				AC18B35B2505FFC200385A02 /* HelloAppUITests.swift */,
				AC18B35D2505FFC200385A02 /* Info.plist */,
			);
			path = HelloAppUITests;
			sourceTree = "<group>";
		};
/* End PBXGroup section */

/* Begin PBXNativeTarget section */
		AC18B3352505FFC000385A02 /* HelloApp */ = {
			isa = PBXNativeTarget;
			buildConfigurationList = AC18B3602505FFC200385A02 /* Build configuration list for PBXNativeTarget "HelloApp" */;
			buildPhases = (
				AC18B3322505FFC000385A02 /* Sources */,
				AC18B3332505FFC000385A02 /* Frameworks */,
				AC18B3342505FFC000385A02 /* Resources */,
			);
			buildRules = (
			);
			dependencies = (
			);
			name = HelloApp;
			productName = HelloApp;
			productReference = AC18B3362505FFC000385A02 /* HelloApp.app */;
			productType = "com.apple.product-type.application";
		};
		AC18B34B2505FFC200385A02 /* HelloAppTests */ = {
			isa = PBXNativeTarget;
			buildConfigurationList = AC18B3632505FFC200385A02 /* Build configuration list for PBXNativeTarget "HelloAppTests" */;
			buildPhases = (
				AC18B3482505FFC200385A02 /* Sources */,
				AC18B3492505FFC200385A02 /* Frameworks */,
				AC18B34A2505FFC200385A02 /* Resources */,
			);
			buildRules = (
			);
			dependencies = (
				AC18B34E2505FFC200385A02 /* PBXTargetDependency */,
			);
			name = HelloAppTests;
			productName = HelloAppTests;
			productReference = AC18B34C2505FFC200385A02 /* HelloAppTests.xctest */;
			productType = "com.apple.product-type.bundle.unit-test";
		};
		AC18B3562505FFC200385A02 /* HelloAppUITests */ = {
			isa = PBXNativeTarget;
			buildConfigurationList = AC18B3662505FFC200385A02 /* Build configuration list for PBXNativeTarget "HelloAppUITests" */;
			buildPhases = (
				AC18B3532505FFC200385A02 /* Sources */,
				AC18B3542505FFC200385A02 /* Frameworks */,
				AC18B3552505FFC200385A02 /* Resources */,
			);
			buildRules = (
			);
			dependencies = (
				AC18B3592505FFC200385A02 /* PBXTargetDependency */,
			);
			name = HelloAppUITests;
			productName = HelloAppUITests;
			productReference = AC18B3572505FFC200385A02 /* HelloAppUITests.xctest */;
			productType = "com.apple.product-type.bundle.ui-testing";
		};
/* End PBXNativeTarget section */

/* Begin PBXProject section */
		AC18B32E2505FFC000385A02 /* Project object */ = {
			isa = PBXProject;
			attributes = {
				BuildIndependentTargetsInParallel = YES;
				LastSwiftUpdateCheck = 1170;
				LastUpgradeCheck = 1210;
				ORGANIZATIONNAME = "齊藤健司";
				TargetAttributes = {
					AC18B3352505FFC000385A02 = {
						CreatedOnToolsVersion = 11.7;
					};
					AC18B34B2505FFC200385A02 = {
						CreatedOnToolsVersion = 11.7;
						TestTargetID = AC18B3352505FFC000385A02;
					};
					AC18B3562505FFC200385A02 = {
						CreatedOnToolsVersion = 11.7;
						TestTargetID = AC18B3352505FFC000385A02;
					};
				};
			};
			buildConfigurationList = AC18B3312505FFC000385A02 /* Build configuration list for PBXProject "HelloApp" */;
			compatibilityVersion = "Xcode 12.0";
			developmentRegion = en;
			hasScannedForEncodings = 0;
			knownRegions = (
				en,
				Base,
			);
			mainGroup = AC18B32D2505FFC000385A02;
			productRefGroup = AC18B3372505FFC000385A02 /* Products */;
			projectDirPath = "";
			projectRoot = "";
			targets = (
				AC18B3352505FFC000385A02 /* HelloApp */,
				AC18B34B2505FFC200385A02 /* HelloAppTests */,
				AC18B3562505FFC200385A02 /* HelloAppUITests */,
			);
		};
/* End PBXProject section */

/* Begin PBXResourcesBuildPhase section */
		AC18B3342505FFC000385A02 /* Resources */ = {
			isa = PBXResourcesBuildPhase;
			buildActionMask = 2147483647;
			files = (
				AC18B3462505FFC200385A02 /* LaunchScreen.storyboard in Resources */,
				AC18B3432505FFC200385A02 /* Preview Assets.xcassets in Resources */,
				AC18B3402505FFC200385A02 /* Assets.xcassets in Resources */,
			);
			runOnlyForDeploymentPostprocessing = 0;
		};
		AC18B34A2505FFC200385A02 /* Resources */ = {
			isa = PBXResourcesBuildPhase;
			buildActionMask = 2147483647;
			files = (
			);
			runOnlyForDeploymentPostprocessing = 0;
		};
		AC18B3552505FFC200385A02 /* Resources */ = {
			isa = PBXResourcesBuildPhase;
			buildActionMask = 2147483647;
			files = (
			);
			runOnlyForDeploymentPostprocessing = 0;
		};
/* End PBXResourcesBuildPhase section */

/* Begin PBXSourcesBuildPhase section */
		AC18B3322505FFC000385A02 /* Sources */ = {
			isa = PBXSourcesBuildPhase;
			buildActionMask = 2147483647;
			files = (
				AC18B33A2505FFC000385A02 /* AppDelegate.swift in Sources */,
				AC18B33C2505FFC000385A02 /* SceneDelegate.swift in Sources */,
				AC18B33E2505FFC000385A02 /* ContentView.swift in Sources */,
			);
			runOnlyForDeploymentPostprocessing = 0;
		};
		AC18B3482505FFC200385A02 /* Sources */ = {
			isa = PBXSourcesBuildPhase;
			buildActionMask = 2147483647;
			files = (
				AC18B3512505FFC200385A02 /* HelloAppTests.swift in Sources */,
			);
			runOnlyForDeploymentPostprocessing = 0;
		};
		AC18B3532505FFC200385A02 /* Sources */ = {
			isa = PBXSourcesBuildPhase;
			buildActionMask = 2147483647;
			files = (
				AC18B35C2505FFC200385A02 /* HelloAppUITests.swift in Sources */,
			);
			runOnlyForDeploymentPostprocessing = 0;
		};
/* End PBXSourcesBuildPhase section */

/* Begin PBXTargetDependency section */
		AC18B34E2505FFC200385A02 /* PBXTargetDependency */ = {
			isa = PBXTargetDependency;
			target = AC18B3352505FFC000385A02 /* HelloApp */;
			targetProxy = AC18B34D2505FFC200385A02 /* PBXContainerItemProxy */;
		};
		AC18B3592505FFC200385A02 /* PBXTargetDependency */ = {
			isa = PBXTargetDependency;
			target = AC18B3352505FFC000385A02 /* HelloApp */;
			targetProxy = AC18B3582505FFC200385A02 /* PBXContainerItemProxy */;
		};
/* End PBXTargetDependency section */

/* Begin PBXVariantGroup section */
		AC18B3442505FFC200385A02 /* LaunchScreen.storyboard */ = {
			isa = PBXVariantGroup;
			children = (
				AC18B3452505FFC200385A02 /* Base */,
			);
			name = LaunchScreen.storyboard;
			sourceTree = "<group>";
		};
/* End PBXVariantGroup section */

/* Begin XCBuildConfiguration section */
		AC18B35E2505FFC200385A02 /* Debug */ = {
			isa = XCBuildConfiguration;
			buildSettings = {
				ALWAYS_SEARCH_USER_PATHS = NO;
				CLANG_ANALYZER_NONNULL = YES;
				CLANG_ANALYZER_NUMBER_OBJECT_CONVERSION = YES_AGGRESSIVE;
				CLANG_CXX_LANGUAGE_STANDARD = "gnu++14";
				CLANG_CXX_LIBRARY = "libc++";
				CLANG_ENABLE_MODULES = YES;
				CLANG_ENABLE_OBJC_ARC = YES;
				CLANG_ENABLE_OBJC_WEAK = YES;
				CLANG_WARN_BLOCK_CAPTURE_AUTORELEASING = YES;
				CLANG_WARN_BOOL_CONVERSION = YES;
				CLANG_WARN_COMMA = YES;
				CLANG_WARN_CONSTANT_CONVERSION = YES;
				CLANG_WARN_DEPRECATED_OBJC_IMPLEMENTATIONS = YES;
				CLANG_WARN_DIRECT_OBJC_ISA_USAGE = YES_ERROR;
				CLANG_WARN_DOCUMENTATION_COMMENTS = YES;
				CLANG_WARN_EMPTY_BODY = YES;
				CLANG_WARN_ENUM_CONVERSION = YES;
				CLANG_WARN_INFINITE_RECURSION = YES;
				CLANG_WARN_INT_CONVERSION = YES;
				CLANG_WARN_NON_LITERAL_NULL_CONVERSION = YES;
				CLANG_WARN_OBJC_IMPLICIT_RETAIN_SELF = YES;
				CLANG_WARN_OBJC_LITERAL_CONVERSION = YES;
				CLANG_WARN_OBJC_ROOT_CLASS = YES_ERROR;
				CLANG_WARN_QUOTED_INCLUDE_IN_FRAMEWORK_HEADER = YES;
				CLANG_WARN_RANGE_LOOP_ANALYSIS = YES;
				CLANG_WARN_STRICT_PROTOTYPES = YES;
				CLANG_WARN_SUSPICIOUS_MOVE = YES;
				CLANG_WARN_UNGUARDED_AVAILABILITY = YES_AGGRESSIVE;
				CLANG_WARN_UNREACHABLE_CODE = YES;
				CLANG_WARN__DUPLICATE_METHOD_MATCH = YES;
				COPY_PHASE_STRIP = NO;
				DEBUG_INFORMATION_FORMAT = dwarf;
				"DYLIB_COMPATIBILITY_VERSION[sdk=iphonesimulator*]" = "";
				ENABLE_STRICT_OBJC_MSGSEND = YES;
				ENABLE_TESTABILITY = YES;
				GCC_C_LANGUAGE_STANDARD = gnu11;
				GCC_DYNAMIC_NO_PIC = NO;
				GCC_NO_COMMON_BLOCKS = YES;
				GCC_OPTIMIZATION_LEVEL = 0;
				GCC_PREPROCESSOR_DEFINITIONS = (
					"DEBUG=1",
					"$(inherited)",
				);
				GCC_WARN_64_TO_32_BIT_CONVERSION = YES;
				GCC_WARN_ABOUT_RETURN_TYPE = YES_ERROR;
				GCC_WARN_UNDECLARED_SELECTOR = YES;
				GCC_WARN_UNINITIALIZED_AUTOS = YES_AGGRESSIVE;
				GCC_WARN_UNUSED_FUNCTION = YES;
				GCC_WARN_UNUSED_VARIABLE = YES;
				IPHONEOS_DEPLOYMENT_TARGET = 14.2;
				MTL_ENABLE_DEBUG_INFO = INCLUDE_SOURCE;
				MTL_FAST_MATH = YES;
				ONLY_ACTIVE_ARCH = YES;
				SDKROOT = iphoneos;
				SWIFT_ACTIVE_COMPILATION_CONDITIONS = DEBUG;
				SWIFT_OPTIMIZATION_LEVEL = "-Onone";
			};
			name = Debug;
		};
		AC18B35F2505FFC200385A02 /* Release */ = {
			isa = XCBuildConfiguration;
			buildSettings = {
				ALWAYS_SEARCH_USER_PATHS = NO;
				CLANG_ANALYZER_NONNULL = YES;
				CLANG_ANALYZER_NUMBER_OBJECT_CONVERSION = YES_AGGRESSIVE;
				CLANG_CXX_LANGUAGE_STANDARD = "gnu++14";
				CLANG_CXX_LIBRARY = "libc++";
				CLANG_ENABLE_MODULES = YES;
				CLANG_ENABLE_OBJC_ARC = YES;
				CLANG_ENABLE_OBJC_WEAK = YES;
				CLANG_WARN_BLOCK_CAPTURE_AUTORELEASING = YES;
				CLANG_WARN_BOOL_CONVERSION = YES;
				CLANG_WARN_COMMA = YES;
				CLANG_WARN_CONSTANT_CONVERSION = YES;
				CLANG_WARN_DEPRECATED_OBJC_IMPLEMENTATIONS = YES;
				CLANG_WARN_DIRECT_OBJC_ISA_USAGE = YES_ERROR;
				CLANG_WARN_DOCUMENTATION_COMMENTS = YES;
				CLANG_WARN_EMPTY_BODY = YES;
				CLANG_WARN_ENUM_CONVERSION = YES;
				CLANG_WARN_INFINITE_RECURSION = YES;
				CLANG_WARN_INT_CONVERSION = YES;
				CLANG_WARN_NON_LITERAL_NULL_CONVERSION = YES;
				CLANG_WARN_OBJC_IMPLICIT_RETAIN_SELF = YES;
				CLANG_WARN_OBJC_LITERAL_CONVERSION = YES;
				CLANG_WARN_OBJC_ROOT_CLASS = YES_ERROR;
				CLANG_WARN_QUOTED_INCLUDE_IN_FRAMEWORK_HEADER = YES;
				CLANG_WARN_RANGE_LOOP_ANALYSIS = YES;
				CLANG_WARN_STRICT_PROTOTYPES = YES;
				CLANG_WARN_SUSPICIOUS_MOVE = YES;
				CLANG_WARN_UNGUARDED_AVAILABILITY = YES_AGGRESSIVE;
				CLANG_WARN_UNREACHABLE_CODE = YES;
				CLANG_WARN__DUPLICATE_METHOD_MATCH = YES;
				COPY_PHASE_STRIP = NO;
				DEBUG_INFORMATION_FORMAT = "dwarf-with-dsym";
				ENABLE_NS_ASSERTIONS = NO;
				ENABLE_STRICT_OBJC_MSGSEND = YES;
				GCC_C_LANGUAGE_STANDARD = gnu11;
				GCC_NO_COMMON_BLOCKS = YES;
				GCC_WARN_64_TO_32_BIT_CONVERSION = YES;
				GCC_WARN_ABOUT_RETURN_TYPE = YES_ERROR;
				GCC_WARN_UNDECLARED_SELECTOR = YES;
				GCC_WARN_UNINITIALIZED_AUTOS = YES_AGGRESSIVE;
				GCC_WARN_UNUSED_FUNCTION = YES;
				GCC_WARN_UNUSED_VARIABLE = YES;
				IPHONEOS_DEPLOYMENT_TARGET = 14.2;
				MTL_ENABLE_DEBUG_INFO = NO;
				MTL_FAST_MATH = YES;
				SDKROOT = iphoneos;
				SWIFT_COMPILATION_MODE = wholemodule;
				SWIFT_OPTIMIZATION_LEVEL = "-O";
				VALIDATE_PRODUCT = YES;
			};
			name = Release;
		};
		AC18B3612505FFC200385A02 /* Debug */ = {
			isa = XCBuildConfiguration;
			buildSettings = {
				ASSETCATALOG_COMPILER_APPICON_NAME = AppIcon;
				CODE_SIGN_STYLE = Automatic;
				DEVELOPMENT_ASSET_PATHS = "\"HelloApp/Preview Content\"";
				DEVELOPMENT_TEAM = 39V96C2P97;
				ENABLE_PREVIEWS = YES;
				INFOPLIST_FILE = HelloApp/Info.plist;
				IPHONEOS_DEPLOYMENT_TARGET = 14.1;
				LD_RUNPATH_SEARCH_PATHS = (
					"$(inherited)",
					"@executable_path/Frameworks",
				);
				PRODUCT_BUNDLE_IDENTIFIER = com.github.poad.HelloApp;
				PRODUCT_NAME = "$(TARGET_NAME)";
				SWIFT_VERSION = 5.0;
				TARGETED_DEVICE_FAMILY = 1;
			};
			name = Debug;
		};
		AC18B3622505FFC200385A02 /* Release */ = {
			isa = XCBuildConfiguration;
			buildSettings = {
				ASSETCATALOG_COMPILER_APPICON_NAME = AppIcon;
				CODE_SIGN_STYLE = Automatic;
				DEVELOPMENT_ASSET_PATHS = "\"HelloApp/Preview Content\"";
				DEVELOPMENT_TEAM = 39V96C2P97;
				ENABLE_PREVIEWS = YES;
				INFOPLIST_FILE = HelloApp/Info.plist;
				IPHONEOS_DEPLOYMENT_TARGET = 14.1;
				LD_RUNPATH_SEARCH_PATHS = (
					"$(inherited)",
					"@executable_path/Frameworks",
				);
				PRODUCT_BUNDLE_IDENTIFIER = com.github.poad.HelloApp;
				PRODUCT_NAME = "$(TARGET_NAME)";
				SWIFT_VERSION = 5.0;
				TARGETED_DEVICE_FAMILY = 1;
			};
			name = Release;
		};
		AC18B3642505FFC200385A02 /* Debug */ = {
			isa = XCBuildConfiguration;
			buildSettings = {
				ALWAYS_EMBED_SWIFT_STANDARD_LIBRARIES = YES;
				BUNDLE_LOADER = "$(TEST_HOST)";
				CODE_SIGN_STYLE = Automatic;
				DEVELOPMENT_TEAM = 39V96C2P97;
				INFOPLIST_FILE = HelloAppTests/Info.plist;
				IPHONEOS_DEPLOYMENT_TARGET = 14.1;
				LD_RUNPATH_SEARCH_PATHS = (
					"$(inherited)",
					"@executable_path/Frameworks",
					"@loader_path/Frameworks",
				);
				PRODUCT_BUNDLE_IDENTIFIER = com.github.poad.HelloAppTests;
				PRODUCT_NAME = "$(TARGET_NAME)";
				SWIFT_VERSION = 5.0;
				TARGETED_DEVICE_FAMILY = "1,2";
				TEST_HOST = "$(BUILT_PRODUCTS_DIR)/HelloApp.app/HelloApp";
			};
			name = Debug;
		};
		AC18B3652505FFC200385A02 /* Release */ = {
			isa = XCBuildConfiguration;
			buildSettings = {
				ALWAYS_EMBED_SWIFT_STANDARD_LIBRARIES = YES;
				BUNDLE_LOADER = "$(TEST_HOST)";
				CODE_SIGN_STYLE = Automatic;
				DEVELOPMENT_TEAM = 39V96C2P97;
				INFOPLIST_FILE = HelloAppTests/Info.plist;
				IPHONEOS_DEPLOYMENT_TARGET = 14.1;
				LD_RUNPATH_SEARCH_PATHS = (
					"$(inherited)",
					"@executable_path/Frameworks",
					"@loader_path/Frameworks",
				);
				PRODUCT_BUNDLE_IDENTIFIER = com.github.poad.HelloAppTests;
				PRODUCT_NAME = "$(TARGET_NAME)";
				SWIFT_VERSION = 5.0;
				TARGETED_DEVICE_FAMILY = "1,2";
				TEST_HOST = "$(BUILT_PRODUCTS_DIR)/HelloApp.app/HelloApp";
			};
			name = Release;
		};
		AC18B3672505FFC200385A02 /* Debug */ = {
			isa = XCBuildConfiguration;
			buildSettings = {
				ALWAYS_EMBED_SWIFT_STANDARD_LIBRARIES = YES;
				CODE_SIGN_STYLE = Automatic;
				DEVELOPMENT_TEAM = 39V96C2P97;
				INFOPLIST_FILE = HelloAppUITests/Info.plist;
				IPHONEOS_DEPLOYMENT_TARGET = 14.1;
				LD_RUNPATH_SEARCH_PATHS = (
					"$(inherited)",
					"@executable_path/Frameworks",
					"@loader_path/Frameworks",
				);
				PRODUCT_BUNDLE_IDENTIFIER = com.github.poad.HelloAppUITests;
				PRODUCT_NAME = "$(TARGET_NAME)";
				SWIFT_VERSION = 5.0;
				TARGETED_DEVICE_FAMILY = "1,2";
				TEST_TARGET_NAME = HelloApp;
			};
			name = Debug;
		};
		AC18B3682505FFC200385A02 /* Release */ = {
			isa = XCBuildConfiguration;
			buildSettings = {
				ALWAYS_EMBED_SWIFT_STANDARD_LIBRARIES = YES;
				CODE_SIGN_STYLE = Automatic;
				DEVELOPMENT_TEAM = 39V96C2P97;
				INFOPLIST_FILE = HelloAppUITests/Info.plist;
				IPHONEOS_DEPLOYMENT_TARGET = 14.1;
				LD_RUNPATH_SEARCH_PATHS = (
					"$(inherited)",
					"@executable_path/Frameworks",
					"@loader_path/Frameworks",
				);
				PRODUCT_BUNDLE_IDENTIFIER = com.github.poad.HelloAppUITests;
				PRODUCT_NAME = "$(TARGET_NAME)";
				SWIFT_VERSION = 5.0;
				TARGETED_DEVICE_FAMILY = "1,2";
				TEST_TARGET_NAME = HelloApp;
			};
			name = Release;
		};
/* End XCBuildConfiguration section */

/* Begin XCConfigurationList section */
		AC18B3312505FFC000385A02 /* Build configuration list for PBXProject "HelloApp" */ = {
			isa = XCConfigurationList;
			buildConfigurations = (
				AC18B35E2505FFC200385A02 /* Debug */,
				AC18B35F2505FFC200385A02 /* Release */,
			);
			defaultConfigurationIsVisible = 0;
			defaultConfigurationName = Debug;
		};
		AC18B3602505FFC200385A02 /* Build configuration list for PBXNativeTarget "HelloApp" */ = {
			isa = XCConfigurationList;
			buildConfigurations = (
				AC18B3612505FFC200385A02 /* Debug */,
				AC18B3622505FFC200385A02 /* Release */,
			);
			defaultConfigurationIsVisible = 0;
			defaultConfigurationName = Debug;
		};
		AC18B3632505FFC200385A02 /* Build configuration list for PBXNativeTarget "HelloAppTests" */ = {
			isa = XCConfigurationList;
			buildConfigurations = (
				AC18B3642505FFC200385A02 /* Debug */,
				AC18B3652505FFC200385A02 /* Release */,
			);
			defaultConfigurationIsVisible = 0;
			defaultConfigurationName = Debug;
		};
		AC18B3662505FFC200385A02 /* Build configuration list for PBXNativeTarget "HelloAppUITests" */ = {
			isa = XCConfigurationList;
			buildConfigurations = (
				AC18B3672505FFC200385A02 /* Debug */,
				AC18B3682505FFC200385A02 /* Release */,
			);
			defaultConfigurationIsVisible = 0;
			defaultConfigurationName = Debug;
		};
/* End XCConfigurationList section */
	};
	rootObject = AC18B32E2505FFC000385A02 /* Project object */;
}
